// !$*UTF8*$!
{
	archiveVersion = 1;
	classes = {
	};
	objectVersion = 50;
	objects = {

/* Begin PBXBuildFile section */
		07EF74D02315AD0F000C3D4D /* AppDelegate.swift in Sources */ = {isa = PBXBuildFile; fileRef = 07EF74CF2315AD0F000C3D4D /* AppDelegate.swift */; };
		07EF74D22315AD0F000C3D4D /* TodoListViewController.swift in Sources */ = {isa = PBXBuildFile; fileRef = 07EF74D12315AD0F000C3D4D /* TodoListViewController.swift */; };
		07EF74D52315AD0F000C3D4D /* Main.storyboard in Resources */ = {isa = PBXBuildFile; fileRef = 07EF74D32315AD0F000C3D4D /* Main.storyboard */; };
		07EF74D72315AD10000C3D4D /* Assets.xcassets in Resources */ = {isa = PBXBuildFile; fileRef = 07EF74D62315AD10000C3D4D /* Assets.xcassets */; };
		07EF74DA2315AD10000C3D4D /* LaunchScreen.storyboard in Resources */ = {isa = PBXBuildFile; fileRef = 07EF74D82315AD10000C3D4D /* LaunchScreen.storyboard */; };
/* End PBXBuildFile section */

/* Begin PBXFileReference section */
		07EF74CC2315AD0F000C3D4D /* Todoy.app */ = {isa = PBXFileReference; explicitFileType = wrapper.application; includeInIndex = 0; path = Todoy.app; sourceTree = BUILT_PRODUCTS_DIR; };
		07EF74CF2315AD0F000C3D4D /* AppDelegate.swift */ = {isa = PBXFileReference; lastKnownFileType = sourcecode.swift; path = AppDelegate.swift; sourceTree = "<group>"; };
		07EF74D12315AD0F000C3D4D /* TodoListViewController.swift */ = {isa = PBXFileReference; lastKnownFileType = sourcecode.swift; path = TodoListViewController.swift; sourceTree = "<group>"; };
		07EF74D42315AD0F000C3D4D /* Base */ = {isa = PBXFileReference; lastKnownFileType = file.storyboard; name = Base; path = Base.lproj/Main.storyboard; sourceTree = "<group>"; };
		07EF74D62315AD10000C3D4D /* Assets.xcassets */ = {isa = PBXFileReference; lastKnownFileType = folder.assetcatalog; path = Assets.xcassets; sourceTree = "<group>"; };
		07EF74D92315AD10000C3D4D /* Base */ = {isa = PBXFileReference; lastKnownFileType = file.storyboard; name = Base; path = Base.lproj/LaunchScreen.storyboard; sourceTree = "<group>"; };
		07EF74DB2315AD10000C3D4D /* Info.plist */ = {isa = PBXFileReference; lastKnownFileType = text.plist.xml; path = Info.plist; sourceTree = "<group>"; };
/* End PBXFileReference section */

/* Begin PBXFrameworksBuildPhase section */
		07EF74C92315AD0F000C3D4D /* Frameworks */ = {
			isa = PBXFrameworksBuildPhase;
			buildActionMask = 2147483647;
			files = (
			);
			runOnlyForDeploymentPostprocessing = 0;
		};
/* End PBXFrameworksBuildPhase section */

/* Begin PBXGroup section */
		07EF74C32315AD0F000C3D4D = {
			isa = PBXGroup;
			children = (
				07EF74CE2315AD0F000C3D4D /* Todoy */,
				07EF74CD2315AD0F000C3D4D /* Products */,
			);
			sourceTree = "<group>";
		};
		07EF74CD2315AD0F000C3D4D /* Products */ = {
			isa = PBXGroup;
			children = (
				07EF74CC2315AD0F000C3D4D /* Todoy.app */,
			);
			name = Products;
			sourceTree = "<group>";
		};
		07EF74CE2315AD0F000C3D4D /* Todoy */ = {
			isa = PBXGroup;
			children = (
				07EF74E32315B5F4000C3D4D /* Controllers */,
				07EF74E22315B5ED000C3D4D /* Views */,
				07EF74E12315B5CA000C3D4D /* Models */,
				07EF74CF2315AD0F000C3D4D /* AppDelegate.swift */,
				07EF74D62315AD10000C3D4D /* Assets.xcassets */,
				07EF74DB2315AD10000C3D4D /* Info.plist */,
			);
			path = Todoy;
			sourceTree = "<group>";
		};
		07EF74E12315B5CA000C3D4D /* Models */ = {
			isa = PBXGroup;
			children = (
			);
			path = Models;
			sourceTree = "<group>";
		};
		07EF74E22315B5ED000C3D4D /* Views */ = {
			isa = PBXGroup;
			children = (
				07EF74D32315AD0F000C3D4D /* Main.storyboard */,
				07EF74D82315AD10000C3D4D /* LaunchScreen.storyboard */,
			);
			path = Views;
			sourceTree = "<group>";
		};
		07EF74E32315B5F4000C3D4D /* Controllers */ = {
			isa = PBXGroup;
			children = (
				07EF74D12315AD0F000C3D4D /* TodoListViewController.swift */,
			);
			path = Controllers;
			sourceTree = "<group>";
		};
/* End PBXGroup section */

/* Begin PBXNativeTarget section */
		07EF74CB2315AD0F000C3D4D /* Todoy */ = {
			isa = PBXNativeTarget;
			buildConfigurationList = 07EF74DE2315AD10000C3D4D /* Build configuration list for PBXNativeTarget "Todoy" */;
			buildPhases = (
				07EF74C82315AD0F000C3D4D /* Sources */,
				07EF74C92315AD0F000C3D4D /* Frameworks */,
				07EF74CA2315AD0F000C3D4D /* Resources */,
			);
			buildRules = (
			);
			dependencies = (
			);
			name = Todoy;
			productName = Todoy;
			productReference = 07EF74CC2315AD0F000C3D4D /* Todoy.app */;
			productType = "com.apple.product-type.application";
		};
/* End PBXNativeTarget section */

/* Begin PBXProject section */
		07EF74C42315AD0F000C3D4D /* Project object */ = {
			isa = PBXProject;
			attributes = {
				LastSwiftUpdateCheck = 1030;
				LastUpgradeCheck = 1030;
				ORGANIZATIONNAME = Eric;
				TargetAttributes = {
					07EF74CB2315AD0F000C3D4D = {
						CreatedOnToolsVersion = 10.3;
					};
				};
			};
			buildConfigurationList = 07EF74C72315AD0F000C3D4D /* Build configuration list for PBXProject "Todoy" */;
			compatibilityVersion = "Xcode 9.3";
			developmentRegion = en;
			hasScannedForEncodings = 0;
			knownRegions = (
				en,
				Base,
			);
			mainGroup = 07EF74C32315AD0F000C3D4D;
			productRefGroup = 07EF74CD2315AD0F000C3D4D /* Products */;
			projectDirPath = "";
			projectRoot = "";
			targets = (
				07EF74CB2315AD0F000C3D4D /* Todoy */,
			);
		};
/* End PBXProject section */

/* Begin PBXResourcesBuildPhase section */
		07EF74CA2315AD0F000C3D4D /* Resources */ = {
			isa = PBXResourcesBuildPhase;
			buildActionMask = 2147483647;
			files = (
				07EF74DA2315AD10000C3D4D /* LaunchScreen.storyboard in Resources */,
				07EF74D72315AD10000C3D4D /* Assets.xcassets in Resources */,
				07EF74D52315AD0F000C3D4D /* Main.storyboard in Resources */,
			);
			runOnlyForDeploymentPostprocessing = 0;
		};
/* End PBXResourcesBuildPhase section */

/* Begin PBXSourcesBuildPhase section */
		07EF74C82315AD0F000C3D4D /* Sources */ = {
			isa = PBXSourcesBuildPhase;
			buildActionMask = 2147483647;
			files = (
				07EF74D22315AD0F000C3D4D /* TodoListViewController.swift in Sources */,
				07EF74D02315AD0F000C3D4D /* AppDelegate.swift in Sources */,
			);
			runOnlyForDeploymentPostprocessing = 0;
		};
/* End PBXSourcesBuildPhase section */

/* Begin PBXVariantGroup section */
		07EF74D32315AD0F000C3D4D /* Main.storyboard */ = {
			isa = PBXVariantGroup;
			children = (
				07EF74D42315AD0F000C3D4D /* Base */,
			);
			name = Main.storyboard;
			sourceTree = "<group>";
		};
		07EF74D82315AD10000C3D4D /* LaunchScreen.storyboard */ = {
			isa = PBXVariantGroup;
			children = (
				07EF74D92315AD10000C3D4D /* Base */,
			);
			name = LaunchScreen.storyboard;
			sourceTree = "<group>";
		};
/* End PBXVariantGroup section */

/* Begin XCBuildConfiguration section */
		07EF74DC2315AD10000C3D4D /* Debug */ = {
			isa = XCBuildConfiguration;
			buildSettings = {
				ALWAYS_SEARCH_USER_PATHS = NO;
				CLANG_ANALYZER_NONNULL = YES;
				CLANG_ANALYZER_NUMBER_OBJECT_CONVERSION = YES_AGGRESSIVE;
				CLANG_CXX_LANGUAGE_STANDARD = "gnu++14";
				CLANG_CXX_LIBRARY = "libc++";
				CLANG_ENABLE_MODULES = YES;
				CLANG_ENABLE_OBJC_ARC = YES;
				CLANG_ENABLE_OBJC_WEAK = YES;
				CLANG_WARN_BLOCK_CAPTURE_AUTORELEASING = YES;
				CLANG_WARN_BOOL_CONVERSION = YES;
				CLANG_WARN_COMMA = YES;
				CLANG_WARN_CONSTANT_CONVERSION = YES;
				CLANG_WARN_DEPRECATED_OBJC_IMPLEMENTATIONS = YES;
				CLANG_WARN_DIRECT_OBJC_ISA_USAGE = YES_ERROR;
				CLANG_WARN_DOCUMENTATION_COMMENTS = YES;
				CLANG_WARN_EMPTY_BODY = YES;
				CLANG_WARN_ENUM_CONVERSION = YES;
				CLANG_WARN_INFINITE_RECURSION = YES;
				CLANG_WARN_INT_CONVERSION = YES;
				CLANG_WARN_NON_LITERAL_NULL_CONVERSION = YES;
				CLANG_WARN_OBJC_IMPLICIT_RETAIN_SELF = YES;
				CLANG_WARN_OBJC_LITERAL_CONVERSION = YES;
				CLANG_WARN_OBJC_ROOT_CLASS = YES_ERROR;
				CLANG_WARN_RANGE_LOOP_ANALYSIS = YES;
				CLANG_WARN_STRICT_PROTOTYPES = YES;
				CLANG_WARN_SUSPICIOUS_MOVE = YES;
				CLANG_WARN_UNGUARDED_AVAILABILITY = YES_AGGRESSIVE;
				CLANG_WARN_UNREACHABLE_CODE = YES;
				CLANG_WARN__DUPLICATE_METHOD_MATCH = YES;
				CODE_SIGN_IDENTITY = "iPhone Developer";
				COPY_PHASE_STRIP = NO;
				DEBUG_INFORMATION_FORMAT = dwarf;
				ENABLE_STRICT_OBJC_MSGSEND = YES;
				ENABLE_TESTABILITY = YES;
				GCC_C_LANGUAGE_STANDARD = gnu11;
				GCC_DYNAMIC_NO_PIC = NO;
				GCC_NO_COMMON_BLOCKS = YES;
				GCC_OPTIMIZATION_LEVEL = 0;
				GCC_PREPROCESSOR_DEFINITIONS = (
					"DEBUG=1",
					"$(inherited)",
				);
				GCC_WARN_64_TO_32_BIT_CONVERSION = YES;
				GCC_WARN_ABOUT_RETURN_TYPE = YES_ERROR;
				GCC_WARN_UNDECLARED_SELECTOR = YES;
				GCC_WARN_UNINITIALIZED_AUTOS = YES_AGGRESSIVE;
				GCC_WARN_UNUSED_FUNCTION = YES;
				GCC_WARN_UNUSED_VARIABLE = YES;
				IPHONEOS_DEPLOYMENT_TARGET = 12.4;
				MTL_ENABLE_DEBUG_INFO = INCLUDE_SOURCE;
				MTL_FAST_MATH = YES;
				ONLY_ACTIVE_ARCH = YES;
				SDKROOT = iphoneos;
				SWIFT_ACTIVE_COMPILATION_CONDITIONS = DEBUG;
				SWIFT_OPTIMIZATION_LEVEL = "-Onone";
			};
			name = Debug;
		};
		07EF74DD2315AD10000C3D4D /* Release */ = {
			isa = XCBuildConfiguration;
			buildSettings = {
				ALWAYS_SEARCH_USER_PATHS = NO;
				CLANG_ANALYZER_NONNULL = YES;
				CLANG_ANALYZER_NUMBER_OBJECT_CONVERSION = YES_AGGRESSIVE;
				CLANG_CXX_LANGUAGE_STANDARD = "gnu++14";
				CLANG_CXX_LIBRARY = "libc++";
				CLANG_ENABLE_MODULES = YES;
				CLANG_ENABLE_OBJC_ARC = YES;
				CLANG_ENABLE_OBJC_WEAK = YES;
				CLANG_WARN_BLOCK_CAPTURE_AUTORELEASING = YES;
				CLANG_WARN_BOOL_CONVERSION = YES;
				CLANG_WARN_COMMA = YES;
				CLANG_WARN_CONSTANT_CONVERSION = YES;
				CLANG_WARN_DEPRECATED_OBJC_IMPLEMENTATIONS = YES;
				CLANG_WARN_DIRECT_OBJC_ISA_USAGE = YES_ERROR;
				CLANG_WARN_DOCUMENTATION_COMMENTS = YES;
				CLANG_WARN_EMPTY_BODY = YES;
				CLANG_WARN_ENUM_CONVERSION = YES;
				CLANG_WARN_INFINITE_RECURSION = YES;
				CLANG_WARN_INT_CONVERSION = YES;
				CLANG_WARN_NON_LITERAL_NULL_CONVERSION = YES;
				CLANG_WARN_OBJC_IMPLICIT_RETAIN_SELF = YES;
				CLANG_WARN_OBJC_LITERAL_CONVERSION = YES;
				CLANG_WARN_OBJC_ROOT_CLASS = YES_ERROR;
				CLANG_WARN_RANGE_LOOP_ANALYSIS = YES;
				CLANG_WARN_STRICT_PROTOTYPES = YES;
				CLANG_WARN_SUSPICIOUS_MOVE = YES;
				CLANG_WARN_UNGUARDED_AVAILABILITY = YES_AGGRESSIVE;
				CLANG_WARN_UNREACHABLE_CODE = YES;
				CLANG_WARN__DUPLICATE_METHOD_MATCH = YES;
				CODE_SIGN_IDENTITY = "iPhone Developer";
				COPY_PHASE_STRIP = NO;
				DEBUG_INFORMATION_FORMAT = "dwarf-with-dsym";
				ENABLE_NS_ASSERTIONS = NO;
				ENABLE_STRICT_OBJC_MSGSEND = YES;
				GCC_C_LANGUAGE_STANDARD = gnu11;
				GCC_NO_COMMON_BLOCKS = YES;
				GCC_WARN_64_TO_32_BIT_CONVERSION = YES;
				GCC_WARN_ABOUT_RETURN_TYPE = YES_ERROR;
				GCC_WARN_UNDECLARED_SELECTOR = YES;
				GCC_WARN_UNINITIALIZED_AUTOS = YES_AGGRESSIVE;
				GCC_WARN_UNUSED_FUNCTION = YES;
				GCC_WARN_UNUSED_VARIABLE = YES;
				IPHONEOS_DEPLOYMENT_TARGET = 12.4;
				MTL_ENABLE_DEBUG_INFO = NO;
				MTL_FAST_MATH = YES;
				SDKROOT = iphoneos;
				SWIFT_COMPILATION_MODE = wholemodule;
				SWIFT_OPTIMIZATION_LEVEL = "-O";
				VALIDATE_PRODUCT = YES;
			};
			name = Release;
		};
		07EF74DF2315AD10000C3D4D /* Debug */ = {
			isa = XCBuildConfiguration;
			buildSettings = {
				ASSETCATALOG_COMPILER_APPICON_NAME = AppIcon;
				CODE_SIGN_STYLE = Automatic;
				DEVELOPMENT_TEAM = 2D3HYLKQUQ;
				INFOPLIST_FILE = Todoy/Info.plist;
				LD_RUNPATH_SEARCH_PATHS = (
					"$(inherited)",
					"@executable_path/Frameworks",
				);
				PRODUCT_BUNDLE_IDENTIFIER = com.ericlannan.autolayoutCalc.Todoy;
				PRODUCT_NAME = "$(TARGET_NAME)";
				SWIFT_VERSION = 5.0;
				TARGETED_DEVICE_FAMILY = "1,2";
			};
			name = Debug;
		};
		07EF74E02315AD10000C3D4D /* Release */ = {
			isa = XCBuildConfiguration;
			buildSettings = {
				ASSETCATALOG_COMPILER_APPICON_NAME = AppIcon;
				CODE_SIGN_STYLE = Automatic;
				DEVELOPMENT_TEAM = 2D3HYLKQUQ;
				INFOPLIST_FILE = Todoy/Info.plist;
				LD_RUNPATH_SEARCH_PATHS = (
					"$(inherited)",
					"@executable_path/Frameworks",
				);
				PRODUCT_BUNDLE_IDENTIFIER = com.ericlannan.autolayoutCalc.Todoy;
				PRODUCT_NAME = "$(TARGET_NAME)";
				SWIFT_VERSION = 5.0;
				TARGETED_DEVICE_FAMILY = "1,2";
			};
			name = Release;
		};
/* End XCBuildConfiguration section */

/* Begin XCConfigurationList section */
		07EF74C72315AD0F000C3D4D /* Build configuration list for PBXProject "Todoy" */ = {
			isa = XCConfigurationList;
			buildConfigurations = (
				07EF74DC2315AD10000C3D4D /* Debug */,
				07EF74DD2315AD10000C3D4D /* Release */,
			);
			defaultConfigurationIsVisible = 0;
			defaultConfigurationName = Release;
		};
		07EF74DE2315AD10000C3D4D /* Build configuration list for PBXNativeTarget "Todoy" */ = {
			isa = XCConfigurationList;
			buildConfigurations = (
				07EF74DF2315AD10000C3D4D /* Debug */,
				07EF74E02315AD10000C3D4D /* Release */,
			);
			defaultConfigurationIsVisible = 0;
			defaultConfigurationName = Release;
		};
/* End XCConfigurationList section */
	};
	rootObject = 07EF74C42315AD0F000C3D4D /* Project object */;
}
